
Microsoft Visual Studio Solution File, Format Version 12.00
# Visual Studio Version 17
VisualStudioVersion = 17.0.31903.59
MinimumVisualStudioVersion = 10.0.40219.1
Project("{2150E333-8FDC-42A3-9474-1A3956D46DE8}") = "src", "src", "{827E0CD3-B72D-47B6-A68D-7590B98EB39B}"
EndProject
Project("{FAE04EC0-301F-11D3-BF4B-00C04F79EFBC}") = "MoodleConnector.Domain", "src\MoodleConnector.Domain\MoodleConnector.Domain.csproj", "{6480CAD5-1147-4791-8CD2-7CCC4F9BC1F9}"
EndProject
Project("{FAE04EC0-301F-11D3-BF4B-00C04F79EFBC}") = "MoodleConnector.Application", "src\MoodleConnector.Application\MoodleConnector.Application.csproj", "{545BF0CE-7910-4F2C-B8E9-BD1B42D10007}"
EndProject
Project("{FAE04EC0-301F-11D3-BF4B-00C04F79EFBC}") = "MoodleConnector.Infrastructure", "src\MoodleConnector.Infrastructure\MoodleConnector.Infrastructure.csproj", "{76A7D478-6E81-4AA1-93AA-05F76C5F9650}"
EndProject
Project("{FAE04EC0-301F-11D3-BF4B-00C04F79EFBC}") = "MoodleConnector.Presentation", "src\MoodleConnector.Presentation\MoodleConnector.Presentation.csproj", "{3C7D9B75-54D6-4FF6-B52D-27349642D3D7}"
EndProject
Project("{FAE04EC0-301F-11D3-BF4B-00C04F79EFBC}") = "MoodleConnector.Benchmarks", "src\MoodleConnector.Benchmarks\MoodleConnector.Benchmarks.csproj", "{036966B9-7B34-4A0D-BFEB-19DB3496D076}"
EndProject
Project("{2150E333-8FDC-42A3-9474-1A3956D46DE8}") = "tests", "tests", "{0AB3BF05-4346-4AA6-1389-037BE0695223}"
EndProject
Project("{FAE04EC0-301F-11D3-BF4B-00C04F79EFBC}") = "MoodleConnector.Application.Tests", "tests\MoodleConnector.Application.Tests\MoodleConnector.Application.Tests.csproj", "{59E30E72-35E9-420B-8C4D-E2754BEAB82B}"
EndProject
Global
	GlobalSection(SolutionConfigurationPlatforms) = preSolution
		Debug|Any CPU = Debug|Any CPU
		Debug|x64 = Debug|x64
		Debug|x86 = Debug|x86
		Release|Any CPU = Release|Any CPU
		Release|x64 = Release|x64
		Release|x86 = Release|x86
	EndGlobalSection
	GlobalSection(ProjectConfigurationPlatforms) = postSolution
		{6480CAD5-1147-4791-8CD2-7CCC4F9BC1F9}.Debug|Any CPU.ActiveCfg = Debug|Any CPU
		{6480CAD5-1147-4791-8CD2-7CCC4F9BC1F9}.Debug|Any CPU.Build.0 = Debug|Any CPU
		{6480CAD5-1147-4791-8CD2-7CCC4F9BC1F9}.Debug|x64.ActiveCfg = Debug|Any CPU
		{6480CAD5-1147-4791-8CD2-7CCC4F9BC1F9}.Debug|x64.Build.0 = Debug|Any CPU
		{6480CAD5-1147-4791-8CD2-7CCC4F9BC1F9}.Debug|x86.ActiveCfg = Debug|Any CPU
		{6480CAD5-1147-4791-8CD2-7CCC4F9BC1F9}.Debug|x86.Build.0 = Debug|Any CPU
		{6480CAD5-1147-4791-8CD2-7CCC4F9BC1F9}.Release|Any CPU.ActiveCfg = Release|Any CPU
		{6480CAD5-1147-4791-8CD2-7CCC4F9BC1F9}.Release|Any CPU.Build.0 = Release|Any CPU
		{6480CAD5-1147-4791-8CD2-7CCC4F9BC1F9}.Release|x64.ActiveCfg = Release|Any CPU
		{6480CAD5-1147-4791-8CD2-7CCC4F9BC1F9}.Release|x64.Build.0 = Release|Any CPU
		{6480CAD5-1147-4791-8CD2-7CCC4F9BC1F9}.Release|x86.ActiveCfg = Release|Any CPU
		{6480CAD5-1147-4791-8CD2-7CCC4F9BC1F9}.Release|x86.Build.0 = Release|Any CPU
		{545BF0CE-7910-4F2C-B8E9-BD1B42D10007}.Debug|Any CPU.ActiveCfg = Debug|Any CPU
		{545BF0CE-7910-4F2C-B8E9-BD1B42D10007}.Debug|Any CPU.Build.0 = Debug|Any CPU
		{545BF0CE-7910-4F2C-B8E9-BD1B42D10007}.Debug|x64.ActiveCfg = Debug|Any CPU
		{545BF0CE-7910-4F2C-B8E9-BD1B42D10007}.Debug|x64.Build.0 = Debug|Any CPU
		{545BF0CE-7910-4F2C-B8E9-BD1B42D10007}.Debug|x86.ActiveCfg = Debug|Any CPU
		{545BF0CE-7910-4F2C-B8E9-BD1B42D10007}.Debug|x86.Build.0 = Debug|Any CPU
		{545BF0CE-7910-4F2C-B8E9-BD1B42D10007}.Release|Any CPU.ActiveCfg = Release|Any CPU
		{545BF0CE-7910-4F2C-B8E9-BD1B42D10007}.Release|Any CPU.Build.0 = Release|Any CPU
		{545BF0CE-7910-4F2C-B8E9-BD1B42D10007}.Release|x64.ActiveCfg = Release|Any CPU
		{545BF0CE-7910-4F2C-B8E9-BD1B42D10007}.Release|x64.Build.0 = Release|Any CPU
		{545BF0CE-7910-4F2C-B8E9-BD1B42D10007}.Release|x86.ActiveCfg = Release|Any CPU
		{545BF0CE-7910-4F2C-B8E9-BD1B42D10007}.Release|x86.Build.0 = Release|Any CPU
		{76A7D478-6E81-4AA1-93AA-05F76C5F9650}.Debug|Any CPU.ActiveCfg = Debug|Any CPU
		{76A7D478-6E81-4AA1-93AA-05F76C5F9650}.Debug|Any CPU.Build.0 = Debug|Any CPU
		{76A7D478-6E81-4AA1-93AA-05F76C5F9650}.Debug|x64.ActiveCfg = Debug|Any CPU
		{76A7D478-6E81-4AA1-93AA-05F76C5F9650}.Debug|x64.Build.0 = Debug|Any CPU
		{76A7D478-6E81-4AA1-93AA-05F76C5F9650}.Debug|x86.ActiveCfg = Debug|Any CPU
		{76A7D478-6E81-4AA1-93AA-05F76C5F9650}.Debug|x86.Build.0 = Debug|Any CPU
		{76A7D478-6E81-4AA1-93AA-05F76C5F9650}.Release|Any CPU.ActiveCfg = Release|Any CPU
		{76A7D478-6E81-4AA1-93AA-05F76C5F9650}.Release|Any CPU.Build.0 = Release|Any CPU
		{76A7D478-6E81-4AA1-93AA-05F76C5F9650}.Release|x64.ActiveCfg = Release|Any CPU
		{76A7D478-6E81-4AA1-93AA-05F76C5F9650}.Release|x64.Build.0 = Release|Any CPU
		{76A7D478-6E81-4AA1-93AA-05F76C5F9650}.Release|x86.ActiveCfg = Release|Any CPU
		{76A7D478-6E81-4AA1-93AA-05F76C5F9650}.Release|x86.Build.0 = Release|Any CPU
		{3C7D9B75-54D6-4FF6-B52D-27349642D3D7}.Debug|Any CPU.ActiveCfg = Debug|Any CPU
		{3C7D9B75-54D6-4FF6-B52D-27349642D3D7}.Debug|Any CPU.Build.0 = Debug|Any CPU
		{3C7D9B75-54D6-4FF6-B52D-27349642D3D7}.Debug|x64.ActiveCfg = Debug|Any CPU
		{3C7D9B75-54D6-4FF6-B52D-27349642D3D7}.Debug|x64.Build.0 = Debug|Any CPU
		{3C7D9B75-54D6-4FF6-B52D-27349642D3D7}.Debug|x86.ActiveCfg = Debug|Any CPU
		{3C7D9B75-54D6-4FF6-B52D-27349642D3D7}.Debug|x86.Build.0 = Debug|Any CPU
		{3C7D9B75-54D6-4FF6-B52D-27349642D3D7}.Release|Any CPU.ActiveCfg = Release|Any CPU
		{3C7D9B75-54D6-4FF6-B52D-27349642D3D7}.Release|Any CPU.Build.0 = Release|Any CPU
		{3C7D9B75-54D6-4FF6-B52D-27349642D3D7}.Release|x64.ActiveCfg = Release|Any CPU
		{3C7D9B75-54D6-4FF6-B52D-27349642D3D7}.Release|x64.Build.0 = Release|Any CPU
		{3C7D9B75-54D6-4FF6-B52D-27349642D3D7}.Release|x86.ActiveCfg = Release|Any CPU
		{3C7D9B75-54D6-4FF6-B52D-27349642D3D7}.Release|x86.Build.0 = Release|Any CPU
		{036966B9-7B34-4A0D-BFEB-19DB3496D076}.Debug|Any CPU.ActiveCfg = Debug|Any CPU
		{036966B9-7B34-4A0D-BFEB-19DB3496D076}.Debug|Any CPU.Build.0 = Debug|Any CPU
		{036966B9-7B34-4A0D-BFEB-19DB3496D076}.Debug|x64.ActiveCfg = Debug|Any CPU
		{036966B9-7B34-4A0D-BFEB-19DB3496D076}.Debug|x64.Build.0 = Debug|Any CPU
		{036966B9-7B34-4A0D-BFEB-19DB3496D076}.Debug|x86.ActiveCfg = Debug|Any CPU
		{036966B9-7B34-4A0D-BFEB-19DB3496D076}.Debug|x86.Build.0 = Debug|Any CPU
		{036966B9-7B34-4A0D-BFEB-19DB3496D076}.Release|Any CPU.ActiveCfg = Release|Any CPU
		{036966B9-7B34-4A0D-BFEB-19DB3496D076}.Release|Any CPU.Build.0 = Release|Any CPU
		{036966B9-7B34-4A0D-BFEB-19DB3496D076}.Release|x64.ActiveCfg = Release|Any CPU
		{036966B9-7B34-4A0D-BFEB-19DB3496D076}.Release|x64.Build.0 = Release|Any CPU
		{036966B9-7B34-4A0D-BFEB-19DB3496D076}.Release|x86.ActiveCfg = Release|Any CPU
		{036966B9-7B34-4A0D-BFEB-19DB3496D076}.Release|x86.Build.0 = Release|Any CPU
		{59E30E72-35E9-420B-8C4D-E2754BEAB82B}.Debug|Any CPU.ActiveCfg = Debug|Any CPU
		{59E30E72-35E9-420B-8C4D-E2754BEAB82B}.Debug|Any CPU.Build.0 = Debug|Any CPU
		{59E30E72-35E9-420B-8C4D-E2754BEAB82B}.Debug|x64.ActiveCfg = Debug|Any CPU
		{59E30E72-35E9-420B-8C4D-E2754BEAB82B}.Debug|x64.Build.0 = Debug|Any CPU
		{59E30E72-35E9-420B-8C4D-E2754BEAB82B}.Debug|x86.ActiveCfg = Debug|Any CPU
		{59E30E72-35E9-420B-8C4D-E2754BEAB82B}.Debug|x86.Build.0 = Debug|Any CPU
		{59E30E72-35E9-420B-8C4D-E2754BEAB82B}.Release|Any CPU.ActiveCfg = Release|Any CPU
		{59E30E72-35E9-420B-8C4D-E2754BEAB82B}.Release|Any CPU.Build.0 = Release|Any CPU
		{59E30E72-35E9-420B-8C4D-E2754BEAB82B}.Release|x64.ActiveCfg = Release|Any CPU
		{59E30E72-35E9-420B-8C4D-E2754BEAB82B}.Release|x64.Build.0 = Release|Any CPU
		{59E30E72-35E9-420B-8C4D-E2754BEAB82B}.Release|x86.ActiveCfg = Release|Any CPU
		{59E30E72-35E9-420B-8C4D-E2754BEAB82B}.Release|x86.Build.0 = Release|Any CPU
	EndGlobalSection
	GlobalSection(SolutionProperties) = preSolution
		HideSolutionNode = FALSE
	EndGlobalSection
	GlobalSection(NestedProjects) = preSolution
		{6480CAD5-1147-4791-8CD2-7CCC4F9BC1F9} = {827E0CD3-B72D-47B6-A68D-7590B98EB39B}
		{545BF0CE-7910-4F2C-B8E9-BD1B42D10007} = {827E0CD3-B72D-47B6-A68D-7590B98EB39B}
		{76A7D478-6E81-4AA1-93AA-05F76C5F9650} = {827E0CD3-B72D-47B6-A68D-7590B98EB39B}
		{3C7D9B75-54D6-4FF6-B52D-27349642D3D7} = {827E0CD3-B72D-47B6-A68D-7590B98EB39B}
		{036966B9-7B34-4A0D-BFEB-19DB3496D076} = {827E0CD3-B72D-47B6-A68D-7590B98EB39B}
		{59E30E72-35E9-420B-8C4D-E2754BEAB82B} = {0AB3BF05-4346-4AA6-1389-037BE0695223}
	EndGlobalSection
EndGlobal
